
Microsoft Visual Studio Solution File, Format Version 12.00
# Visual Studio Version 17
VisualStudioVersion = 17.13.35806.99 d17.13
MinimumVisualStudioVersion = 10.0.40219.1
Project("{FAE04EC0-301F-11D3-BF4B-00C04F79EFBC}") = "Bai3_Conghaiso", "Bai3_Conghaiso\Bai3_Conghaiso.csproj", "{358FD34E-76CB-4920-8535-C6441C545EAD}"
EndProject
Global
	GlobalSection(SolutionConfigurationPlatforms) = preSolution
		Debug|Any CPU = Debug|Any CPU
		Release|Any CPU = Release|Any CPU
	EndGlobalSection
	GlobalSection(ProjectConfigurationPlatforms) = postSolution
		{358FD34E-76CB-4920-8535-C6441C545EAD}.Debug|Any CPU.ActiveCfg = Debug|Any CPU
		{358FD34E-76CB-4920-8535-C6441C545EAD}.Debug|Any CPU.Build.0 = Debug|Any CPU
		{358FD34E-76CB-4920-8535-C6441C545EAD}.Release|Any CPU.ActiveCfg = Release|Any CPU
		{358FD34E-76CB-4920-8535-C6441C545EAD}.Release|Any CPU.Build.0 = Release|Any CPU
	EndGlobalSection
	GlobalSection(SolutionProperties) = preSolution
		HideSolutionNode = FALSE
	EndGlobalSection
	GlobalSection(ExtensibilityGlobals) = postSolution
		SolutionGuid = {D49E8217-FFDD-4865-8D44-BC4246A2466F}
	EndGlobalSection
EndGlobal
